
Microsoft Visual Studio Solution File, Format Version 12.00
# Visual Studio Version 17
VisualStudioVersion = 17.14.36408.4 d17.14
MinimumVisualStudioVersion = 10.0.40219.1
Project("{FAE04EC0-301F-11D3-BF4B-00C04F79EFBC}") = "FortuneTeller", "FortuneTeller.csproj", "{51406E78-DFAE-4A7A-AB59-F5B3EB2251DE}"
EndProject
Global
	GlobalSection(SolutionConfigurationPlatforms) = preSolution
		Debug|Any CPU = Debug|Any CPU
		Release|Any CPU = Release|Any CPU
	EndGlobalSection
	GlobalSection(ProjectConfigurationPlatforms) = postSolution
		{51406E78-DFAE-4A7A-AB59-F5B3EB2251DE}.Debug|Any CPU.ActiveCfg = Debug|Any CPU
		{51406E78-DFAE-4A7A-AB59-F5B3EB2251DE}.Debug|Any CPU.Build.0 = Debug|Any CPU
		{51406E78-DFAE-4A7A-AB59-F5B3EB2251DE}.Release|Any CPU.ActiveCfg = Release|Any CPU
		{51406E78-DFAE-4A7A-AB59-F5B3EB2251DE}.Release|Any CPU.Build.0 = Release|Any CPU
	EndGlobalSection
	GlobalSection(SolutionProperties) = preSolution
		HideSolutionNode = FALSE
	EndGlobalSection
	GlobalSection(ExtensibilityGlobals) = postSolution
		SolutionGuid = {B1108F4D-0DFD-48D1-A9CA-E6BF74B8C6A4}
	EndGlobalSection
EndGlobal
